{
  "name": "couchdeconflict",
  "version": "0.5.0",
  "lockfileVersion": 2,
  "requires": true,
  "packages": {
    "": {
      "name": "couchdeconflict",
      "version": "0.5.0",
      "license": "Apache-2.0",
      "dependencies": {
        "ccurllib": "^3.0.0"
      },
      "bin": {
        "couchdeconflict": "bin/couchdeconflict.bin.js"
      }
    },
    "node_modules/ccurllib": {
      "version": "3.0.0",
      "resolved": "https://registry.npmjs.org/ccurllib/-/ccurllib-3.0.0.tgz",
      "integrity": "sha512-Q7mw9Pq29BL2nI3w4m/bQaSG1pZS2waJU+Isb66Q4LV4fxt3FLR3NDxFUsfwwdgKsrJMQuJVlKhWKoDvp4lbRw=="
    }
  },
  "dependencies": {
    "ccurllib": {
      "version": "3.0.0",
      "resolved": "https://registry.npmjs.org/ccurllib/-/ccurllib-3.0.0.tgz",
      "integrity": "sha512-Q7mw9Pq29BL2nI3w4m/bQaSG1pZS2waJU+Isb66Q4LV4fxt3FLR3NDxFUsfwwdgKsrJMQuJVlKhWKoDvp4lbRw=="
    }
  }
}
